
Microsoft Visual Studio Solution File, Format Version 12.00
# Visual Studio Version 17
VisualStudioVersion = 17.9.34714.143
MinimumVisualStudioVersion = 10.0.40219.1
Project("{8BC9CEB8-8B4A-11D0-8D11-00A0C91BC942}") = "lab_01", "lab_01\lab_01.vcxproj", "{F8E477C1-BF7A-4E23-A0E5-BBD5A010E6C3}"
EndProject
Project("{8BC9CEB8-8B4A-11D0-8D11-00A0C91BC942}") = "lab_02", "lab_02\lab_02.vcxproj", "{8FA3235E-F4E8-4D24-BF2E-A9940118A23E}"
EndProject
Global
	GlobalSection(SolutionConfigurationPlatforms) = preSolution
		Debug|x64 = Debug|x64
		Debug|x86 = Debug|x86
		Release|x64 = Release|x64
		Release|x86 = Release|x86
	EndGlobalSection
	GlobalSection(ProjectConfigurationPlatforms) = postSolution
		{F8E477C1-BF7A-4E23-A0E5-BBD5A010E6C3}.Debug|x64.ActiveCfg = Debug|x64
		{F8E477C1-BF7A-4E23-A0E5-BBD5A010E6C3}.Debug|x64.Build.0 = Debug|x64
		{F8E477C1-BF7A-4E23-A0E5-BBD5A010E6C3}.Debug|x86.ActiveCfg = Debug|Win32
		{F8E477C1-BF7A-4E23-A0E5-BBD5A010E6C3}.Debug|x86.Build.0 = Debug|Win32
		{F8E477C1-BF7A-4E23-A0E5-BBD5A010E6C3}.Release|x64.ActiveCfg = Release|x64
		{F8E477C1-BF7A-4E23-A0E5-BBD5A010E6C3}.Release|x64.Build.0 = Release|x64
		{F8E477C1-BF7A-4E23-A0E5-BBD5A010E6C3}.Release|x86.ActiveCfg = Release|Win32
		{F8E477C1-BF7A-4E23-A0E5-BBD5A010E6C3}.Release|x86.Build.0 = Release|Win32
		{8FA3235E-F4E8-4D24-BF2E-A9940118A23E}.Debug|x64.ActiveCfg = Debug|x64
		{8FA3235E-F4E8-4D24-BF2E-A9940118A23E}.Debug|x64.Build.0 = Debug|x64
		{8FA3235E-F4E8-4D24-BF2E-A9940118A23E}.Debug|x86.ActiveCfg = Debug|Win32
		{8FA3235E-F4E8-4D24-BF2E-A9940118A23E}.Debug|x86.Build.0 = Debug|Win32
		{8FA3235E-F4E8-4D24-BF2E-A9940118A23E}.Release|x64.ActiveCfg = Release|x64
		{8FA3235E-F4E8-4D24-BF2E-A9940118A23E}.Release|x64.Build.0 = Release|x64
		{8FA3235E-F4E8-4D24-BF2E-A9940118A23E}.Release|x86.ActiveCfg = Release|Win32
		{8FA3235E-F4E8-4D24-BF2E-A9940118A23E}.Release|x86.Build.0 = Release|Win32
	EndGlobalSection
	GlobalSection(SolutionProperties) = preSolution
		HideSolutionNode = FALSE
	EndGlobalSection
	GlobalSection(ExtensibilityGlobals) = postSolution
		SolutionGuid = {F2E2C486-69AD-4CD4-AEAF-BD55F7F250CC}
	EndGlobalSection
EndGlobal
